
Microsoft Visual Studio Solution File, Format Version 12.00
Project("{FAE04EC0-301F-11D3-BF4B-00C04F79EFBC}") = "CloudEvents.Publisher", "CloudEvents.Publisher\CloudEvents.Publisher.csproj", "{E2A8A36E-2F55-4EB1-AF2D-6707B1590E56}"
EndProject
Project("{FAE04EC0-301F-11D3-BF4B-00C04F79EFBC}") = "CloudEvents.Consumer", "CloudEvents.Consumer\CloudEvents.Consumer.csproj", "{40A0F8B6-03F9-424F-A138-DAADB8550BE7}"
EndProject
Project("{FAE04EC0-301F-11D3-BF4B-00C04F79EFBC}") = "CloudEvents.Shared", "CloudEvents.Shared\CloudEvents.Shared.csproj", "{DD3109B7-ACCD-4A37-AA89-9AED39961983}"
EndProject
Global
	GlobalSection(SolutionConfigurationPlatforms) = preSolution
		Debug|Any CPU = Debug|Any CPU
		Release|Any CPU = Release|Any CPU
	EndGlobalSection
	GlobalSection(ProjectConfigurationPlatforms) = postSolution
		{E2A8A36E-2F55-4EB1-AF2D-6707B1590E56}.Debug|Any CPU.ActiveCfg = Debug|Any CPU
		{E2A8A36E-2F55-4EB1-AF2D-6707B1590E56}.Debug|Any CPU.Build.0 = Debug|Any CPU
		{E2A8A36E-2F55-4EB1-AF2D-6707B1590E56}.Release|Any CPU.ActiveCfg = Release|Any CPU
		{E2A8A36E-2F55-4EB1-AF2D-6707B1590E56}.Release|Any CPU.Build.0 = Release|Any CPU
		{40A0F8B6-03F9-424F-A138-DAADB8550BE7}.Debug|Any CPU.ActiveCfg = Debug|Any CPU
		{40A0F8B6-03F9-424F-A138-DAADB8550BE7}.Debug|Any CPU.Build.0 = Debug|Any CPU
		{40A0F8B6-03F9-424F-A138-DAADB8550BE7}.Release|Any CPU.ActiveCfg = Release|Any CPU
		{40A0F8B6-03F9-424F-A138-DAADB8550BE7}.Release|Any CPU.Build.0 = Release|Any CPU
		{DD3109B7-ACCD-4A37-AA89-9AED39961983}.Debug|Any CPU.ActiveCfg = Debug|Any CPU
		{DD3109B7-ACCD-4A37-AA89-9AED39961983}.Debug|Any CPU.Build.0 = Debug|Any CPU
		{DD3109B7-ACCD-4A37-AA89-9AED39961983}.Release|Any CPU.ActiveCfg = Release|Any CPU
		{DD3109B7-ACCD-4A37-AA89-9AED39961983}.Release|Any CPU.Build.0 = Release|Any CPU
	EndGlobalSection
EndGlobal
